
Microsoft Visual Studio Solution File, Format Version 12.00
# Visual Studio Version 17
VisualStudioVersion = 17.4.33205.214
MinimumVisualStudioVersion = 10.0.40219.1
Project("{FAE04EC0-301F-11D3-BF4B-00C04F79EFBC}") = "GraphAWSJsonData", "GraphAWSJsonData.csproj", "{9F126A0E-DB1B-476D-ADFE-D2AA182E0178}"
EndProject
Global
	GlobalSection(SolutionConfigurationPlatforms) = preSolution
		Debug|Any CPU = Debug|Any CPU
		Release|Any CPU = Release|Any CPU
	EndGlobalSection
	GlobalSection(ProjectConfigurationPlatforms) = postSolution
		{9F126A0E-DB1B-476D-ADFE-D2AA182E0178}.Debug|Any CPU.ActiveCfg = Debug|Any CPU
		{9F126A0E-DB1B-476D-ADFE-D2AA182E0178}.Debug|Any CPU.Build.0 = Debug|Any CPU
		{9F126A0E-DB1B-476D-ADFE-D2AA182E0178}.Release|Any CPU.ActiveCfg = Release|Any CPU
		{9F126A0E-DB1B-476D-ADFE-D2AA182E0178}.Release|Any CPU.Build.0 = Release|Any CPU
	EndGlobalSection
	GlobalSection(SolutionProperties) = preSolution
		HideSolutionNode = FALSE
	EndGlobalSection
	GlobalSection(ExtensibilityGlobals) = postSolution
		SolutionGuid = {BB744DEE-6E0B-452F-BC9B-E5919BE380B0}
	EndGlobalSection
EndGlobal
